<?xml version="1.0" encoding="utf-8"?>
<Project ToolsVersion="17.0" xmlns="http://schemas.microsoft.com/developer/msbuild/2003">
  <ItemGroup>
    <ClCompile Include="F:\Ultralight SDK\ultralight-sdk-latest-win-x64\samples\Sample 2 - Basic App\main.cpp">
      <Filter>Source Files</Filter>
    </ClCompile>
  </ItemGroup>
  <ItemGroup>
    <CustomBuild Include="F:\Ultralight SDK\ultralight-sdk-latest-win-x64\samples\Sample 2 - Basic App\CMakeLists.txt" />
  </ItemGroup>
  <ItemGroup>
    <Filter Include="Source Files">
      <UniqueIdentifier>{5AB9D07F-B2F5-39EA-A5C8-9B2F5D487C3B}</UniqueIdentifier>
    </Filter>
    <Filter Include="Header Files">
      <UniqueIdentifier>{7806cb0c-54ba-4cd1-b886-ba39314a8128}</UniqueIdentifier>
    </Filter>
  </ItemGroup>
  <ItemGroup>
    <ClInclude Include="ProcessList.h">
      <Filter>Header Files</Filter>
    </ClInclude>
    <ClInclude Include="BlackList.h">
      <Filter>Header Files</Filter>
    </ClInclude>
    <ClInclude Include="KillProcess.h">
      <Filter>Header Files</Filter>
    </ClInclude>
    <ClInclude Include="ConvertToString.h">
      <Filter>Header Files</Filter>
    </ClInclude>
  </ItemGroup>
</Project>